// !$*UTF8*$!
{
	archiveVersion = 1;
	classes = {
	};
	objectVersion = 46;
	objects = {

/* Begin PBXBuildFile section */
		A90FC32A1BE8C6EA00D82DBC /* main.cpp in Sources */ = {isa = PBXBuildFile; fileRef = A90FC3291BE8C6EA00D82DBC /* main.cpp */; };
		A90FC3321BE8E06D00D82DBC /* Room.cpp in Sources */ = {isa = PBXBuildFile; fileRef = A90FC3301BE8E06D00D82DBC /* Room.cpp */; };
/* End PBXBuildFile section */

/* Begin PBXCopyFilesBuildPhase section */
		A90FC3241BE8C6EA00D82DBC /* CopyFiles */ = {
			isa = PBXCopyFilesBuildPhase;
			buildActionMask = 2147483647;
			dstPath = /usr/share/man/man1/;
			dstSubfolderSpec = 0;
			files = (
			);
			runOnlyForDeploymentPostprocessing = 1;
		};
/* End PBXCopyFilesBuildPhase section */

/* Begin PBXFileReference section */
		A90FC3261BE8C6EA00D82DBC /* MyTextAdventure */ = {isa = PBXFileReference; explicitFileType = "compiled.mach-o.executable"; includeInIndex = 0; path = MyTextAdventure; sourceTree = BUILT_PRODUCTS_DIR; };
		A90FC3291BE8C6EA00D82DBC /* main.cpp */ = {isa = PBXFileReference; lastKnownFileType = sourcecode.cpp.cpp; path = main.cpp; sourceTree = "<group>"; };
		A90FC3301BE8E06D00D82DBC /* Room.cpp */ = {isa = PBXFileReference; fileEncoding = 4; lastKnownFileType = sourcecode.cpp.cpp; path = Room.cpp; sourceTree = "<group>"; };
		A90FC3311BE8E06D00D82DBC /* Room.hpp */ = {isa = PBXFileReference; fileEncoding = 4; lastKnownFileType = sourcecode.cpp.h; path = Room.hpp; sourceTree = "<group>"; };
/* End PBXFileReference section */

/* Begin PBXFrameworksBuildPhase section */
		A90FC3231BE8C6EA00D82DBC /* Frameworks */ = {
			isa = PBXFrameworksBuildPhase;
			buildActionMask = 2147483647;
			files = (
			);
			runOnlyForDeploymentPostprocessing = 0;
		};
/* End PBXFrameworksBuildPhase section */

/* Begin PBXGroup section */
		A90FC31D1BE8C6EA00D82DBC = {
			isa = PBXGroup;
			children = (
				A90FC3281BE8C6EA00D82DBC /* MyTextAdventure */,
				A90FC3271BE8C6EA00D82DBC /* Products */,
			);
			sourceTree = "<group>";
		};
		A90FC3271BE8C6EA00D82DBC /* Products */ = {
			isa = PBXGroup;
			children = (
				A90FC3261BE8C6EA00D82DBC /* MyTextAdventure */,
			);
			name = Products;
			sourceTree = "<group>";
		};
		A90FC3281BE8C6EA00D82DBC /* MyTextAdventure */ = {
			isa = PBXGroup;
			children = (
				A90FC3291BE8C6EA00D82DBC /* main.cpp */,
				A90FC3301BE8E06D00D82DBC /* Room.cpp */,
				A90FC3311BE8E06D00D82DBC /* Room.hpp */,
			);
			path = MyTextAdventure;
			sourceTree = "<group>";
		};
/* End PBXGroup section */

/* Begin PBXNativeTarget section */
		A90FC3251BE8C6EA00D82DBC /* MyTextAdventure */ = {
			isa = PBXNativeTarget;
			buildConfigurationList = A90FC32D1BE8C6EA00D82DBC /* Build configuration list for PBXNativeTarget "MyTextAdventure" */;
			buildPhases = (
				A90FC3221BE8C6EA00D82DBC /* Sources */,
				A90FC3231BE8C6EA00D82DBC /* Frameworks */,
				A90FC3241BE8C6EA00D82DBC /* CopyFiles */,
			);
			buildRules = (
			);
			dependencies = (
			);
			name = MyTextAdventure;
			productName = MyTextAdventure;
			productReference = A90FC3261BE8C6EA00D82DBC /* MyTextAdventure */;
			productType = "com.apple.product-type.tool";
		};
/* End PBXNativeTarget section */

/* Begin PBXProject section */
		A90FC31E1BE8C6EA00D82DBC /* Project object */ = {
			isa = PBXProject;
			attributes = {
				LastUpgradeCheck = 0710;
				ORGANIZATIONNAME = "Marco Gillies";
				TargetAttributes = {
					A90FC3251BE8C6EA00D82DBC = {
						CreatedOnToolsVersion = 7.1;
					};
				};
			};
			buildConfigurationList = A90FC3211BE8C6EA00D82DBC /* Build configuration list for PBXProject "MyTextAdventure" */;
			compatibilityVersion = "Xcode 3.2";
			developmentRegion = English;
			hasScannedForEncodings = 0;
			knownRegions = (
				en,
			);
			mainGroup = A90FC31D1BE8C6EA00D82DBC;
			productRefGroup = A90FC3271BE8C6EA00D82DBC /* Products */;
			projectDirPath = "";
			projectRoot = "";
			targets = (
				A90FC3251BE8C6EA00D82DBC /* MyTextAdventure */,
			);
		};
/* End PBXProject section */

/* Begin PBXSourcesBuildPhase section */
		A90FC3221BE8C6EA00D82DBC /* Sources */ = {
			isa = PBXSourcesBuildPhase;
			buildActionMask = 2147483647;
			files = (
				A90FC3321BE8E06D00D82DBC /* Room.cpp in Sources */,
				A90FC32A1BE8C6EA00D82DBC /* main.cpp in Sources */,
			);
			runOnlyForDeploymentPostprocessing = 0;
		};
/* End PBXSourcesBuildPhase section */

/* Begin XCBuildConfiguration section */
		A90FC32B1BE8C6EA00D82DBC /* Debug */ = {
			isa = XCBuildConfiguration;
			buildSettings = {
				ALWAYS_SEARCH_USER_PATHS = NO;
				CLANG_CXX_LANGUAGE_STANDARD = "gnu++0x";
				CLANG_CXX_LIBRARY = "libc++";
				CLANG_ENABLE_MODULES = YES;
				CLANG_ENABLE_OBJC_ARC = YES;
				CLANG_WARN_BOOL_CONVERSION = YES;
				CLANG_WARN_CONSTANT_CONVERSION = YES;
				CLANG_WARN_DIRECT_OBJC_ISA_USAGE = YES_ERROR;
				CLANG_WARN_EMPTY_BODY = YES;
				CLANG_WARN_ENUM_CONVERSION = YES;
				CLANG_WARN_INT_CONVERSION = YES;
				CLANG_WARN_OBJC_ROOT_CLASS = YES_ERROR;
				CLANG_WARN_UNREACHABLE_CODE = YES;
				CLANG_WARN__DUPLICATE_METHOD_MATCH = YES;
				CODE_SIGN_IDENTITY = "-";
				COPY_PHASE_STRIP = NO;
				DEBUG_INFORMATION_FORMAT = dwarf;
				ENABLE_STRICT_OBJC_MSGSEND = YES;
				ENABLE_TESTABILITY = YES;
				GCC_C_LANGUAGE_STANDARD = gnu99;
				GCC_DYNAMIC_NO_PIC = NO;
				GCC_NO_COMMON_BLOCKS = YES;
				GCC_OPTIMIZATION_LEVEL = 0;
				GCC_PREPROCESSOR_DEFINITIONS = (
					"DEBUG=1",
					"$(inherited)",
				);
				GCC_WARN_64_TO_32_BIT_CONVERSION = YES;
				GCC_WARN_ABOUT_RETURN_TYPE = YES_ERROR;
				GCC_WARN_UNDECLARED_SELECTOR = YES;
				GCC_WARN_UNINITIALIZED_AUTOS = YES_AGGRESSIVE;
				GCC_WARN_UNUSED_FUNCTION = YES;
				GCC_WARN_UNUSED_VARIABLE = YES;
				MACOSX_DEPLOYMENT_TARGET = 10.10;
				MTL_ENABLE_DEBUG_INFO = YES;
				ONLY_ACTIVE_ARCH = YES;
				SDKROOT = macosx;
			};
			name = Debug;
		};
		A90FC32C1BE8C6EA00D82DBC /* Release */ = {
			isa = XCBuildConfiguration;
			buildSettings = {
				ALWAYS_SEARCH_USER_PATHS = NO;
				CLANG_CXX_LANGUAGE_STANDARD = "gnu++0x";
				CLANG_CXX_LIBRARY = "libc++";
				CLANG_ENABLE_MODULES = YES;
				CLANG_ENABLE_OBJC_ARC = YES;
				CLANG_WARN_BOOL_CONVERSION = YES;
				CLANG_WARN_CONSTANT_CONVERSION = YES;
				CLANG_WARN_DIRECT_OBJC_ISA_USAGE = YES_ERROR;
				CLANG_WARN_EMPTY_BODY = YES;
				CLANG_WARN_ENUM_CONVERSION = YES;
				CLANG_WARN_INT_CONVERSION = YES;
				CLANG_WARN_OBJC_ROOT_CLASS = YES_ERROR;
				CLANG_WARN_UNREACHABLE_CODE = YES;
				CLANG_WARN__DUPLICATE_METHOD_MATCH = YES;
				CODE_SIGN_IDENTITY = "-";
				COPY_PHASE_STRIP = NO;
				DEBUG_INFORMATION_FORMAT = "dwarf-with-dsym";
				ENABLE_NS_ASSERTIONS = NO;
				ENABLE_STRICT_OBJC_MSGSEND = YES;
				GCC_C_LANGUAGE_STANDARD = gnu99;
				GCC_NO_COMMON_BLOCKS = YES;
				GCC_WARN_64_TO_32_BIT_CONVERSION = YES;
				GCC_WARN_ABOUT_RETURN_TYPE = YES_ERROR;
				GCC_WARN_UNDECLARED_SELECTOR = YES;
				GCC_WARN_UNINITIALIZED_AUTOS = YES_AGGRESSIVE;
				GCC_WARN_UNUSED_FUNCTION = YES;
				GCC_WARN_UNUSED_VARIABLE = YES;
				MACOSX_DEPLOYMENT_TARGET = 10.10;
				MTL_ENABLE_DEBUG_INFO = NO;
				SDKROOT = macosx;
			};
			name = Release;
		};
		A90FC32E1BE8C6EA00D82DBC /* Debug */ = {
			isa = XCBuildConfiguration;
			buildSettings = {
				PRODUCT_NAME = "$(TARGET_NAME)";
			};
			name = Debug;
		};
		A90FC32F1BE8C6EA00D82DBC /* Release */ = {
			isa = XCBuildConfiguration;
			buildSettings = {
				PRODUCT_NAME = "$(TARGET_NAME)";
			};
			name = Release;
		};
/* End XCBuildConfiguration section */

/* Begin XCConfigurationList section */
		A90FC3211BE8C6EA00D82DBC /* Build configuration list for PBXProject "MyTextAdventure" */ = {
			isa = XCConfigurationList;
			buildConfigurations = (
				A90FC32B1BE8C6EA00D82DBC /* Debug */,
				A90FC32C1BE8C6EA00D82DBC /* Release */,
			);
			defaultConfigurationIsVisible = 0;
			defaultConfigurationName = Release;
		};
		A90FC32D1BE8C6EA00D82DBC /* Build configuration list for PBXNativeTarget "MyTextAdventure" */ = {
			isa = XCConfigurationList;
			buildConfigurations = (
				A90FC32E1BE8C6EA00D82DBC /* Debug */,
				A90FC32F1BE8C6EA00D82DBC /* Release */,
			);
			defaultConfigurationIsVisible = 0;
		};
/* End XCConfigurationList section */
	};
	rootObject = A90FC31E1BE8C6EA00D82DBC /* Project object */;
}
